
Microsoft Visual Studio Solution File, Format Version 12.00
# Visual Studio 15
Project("{FAE04EC0-301F-11D3-BF4B-00C04F79EFBC}") = "scb10x-assignment-party-haan-backend", "scb10x-assignment-party-haan-backend\scb10x-assignment-party-haan-backend.csproj", "{FA76532E-EF15-4D5F-B41C-8828A66D8CAE}"
EndProject
Global
	GlobalSection(SolutionConfigurationPlatforms) = preSolution
		Debug|Any CPU = Debug|Any CPU
		Release|Any CPU = Release|Any CPU
	EndGlobalSection
	GlobalSection(ProjectConfigurationPlatforms) = postSolution
		{FA76532E-EF15-4D5F-B41C-8828A66D8CAE}.Debug|Any CPU.ActiveCfg = Debug|Any CPU
		{FA76532E-EF15-4D5F-B41C-8828A66D8CAE}.Debug|Any CPU.Build.0 = Debug|Any CPU
		{FA76532E-EF15-4D5F-B41C-8828A66D8CAE}.Release|Any CPU.ActiveCfg = Release|Any CPU
		{FA76532E-EF15-4D5F-B41C-8828A66D8CAE}.Release|Any CPU.Build.0 = Release|Any CPU
	EndGlobalSection
EndGlobal
